
Microsoft Visual Studio Solution File, Format Version 12.00
# Visual Studio Version 17
VisualStudioVersion = 17.0.31903.59
MinimumVisualStudioVersion = 10.0.40219.1
Project("{2150E333-8FDC-42A3-9474-1A3956D46DE8}") = "Source", "Source", "{549B2F1F-8220-4324-9652-3DB569C0BDCE}"
EndProject
Project("{FAE04EC0-301F-11D3-BF4B-00C04F79EFBC}") = "Padutronics.Wpf.Converters.Commands", "Source\Padutronics.Wpf.Converters.Commands\Padutronics.Wpf.Converters.Commands.csproj", "{1DA48E29-42F4-46E0-B1E4-45B698097BF0}"
EndProject
Global
	GlobalSection(SolutionConfigurationPlatforms) = preSolution
		Debug|Any CPU = Debug|Any CPU
		Release|Any CPU = Release|Any CPU
	EndGlobalSection
	GlobalSection(SolutionProperties) = preSolution
		HideSolutionNode = FALSE
	EndGlobalSection
	GlobalSection(ProjectConfigurationPlatforms) = postSolution
		{1DA48E29-42F4-46E0-B1E4-45B698097BF0}.Debug|Any CPU.ActiveCfg = Debug|Any CPU
		{1DA48E29-42F4-46E0-B1E4-45B698097BF0}.Debug|Any CPU.Build.0 = Debug|Any CPU
		{1DA48E29-42F4-46E0-B1E4-45B698097BF0}.Release|Any CPU.ActiveCfg = Release|Any CPU
		{1DA48E29-42F4-46E0-B1E4-45B698097BF0}.Release|Any CPU.Build.0 = Release|Any CPU
	EndGlobalSection
	GlobalSection(NestedProjects) = preSolution
		{1DA48E29-42F4-46E0-B1E4-45B698097BF0} = {549B2F1F-8220-4324-9652-3DB569C0BDCE}
	EndGlobalSection
EndGlobal
